
Microsoft Visual Studio Solution File, Format Version 12.00
# Visual Studio 15
VisualStudioVersion = 15.0.26124.0
MinimumVisualStudioVersion = 15.0.26124.0
Project("{2150E333-8FDC-42A3-9474-1A3956D46DE8}") = "src", "src", "{8B1C5EE4-8E25-46A0-BA35-9BC22E07C72A}"
EndProject
Project("{FAE04EC0-301F-11D3-BF4B-00C04F79EFBC}") = "IdentityServer", "src\IdentityServer\IdentityServer.csproj", "{8C24B6EA-D147-47AC-ABD6-B8AC32AF3731}"
EndProject
Project("{FAE04EC0-301F-11D3-BF4B-00C04F79EFBC}") = "Api", "src\Api\Api.csproj", "{74EF259E-00C4-4B27-86B3-C9EA375ED513}"
EndProject
Project("{FAE04EC0-301F-11D3-BF4B-00C04F79EFBC}") = "Client", "src\Client\Client.csproj", "{75CC4A90-13D0-43DB-9644-B23C26D84459}"
EndProject
Global
	GlobalSection(SolutionConfigurationPlatforms) = preSolution
		Debug|Any CPU = Debug|Any CPU
		Debug|x64 = Debug|x64
		Debug|x86 = Debug|x86
		Release|Any CPU = Release|Any CPU
		Release|x64 = Release|x64
		Release|x86 = Release|x86
	EndGlobalSection
	GlobalSection(SolutionProperties) = preSolution
		HideSolutionNode = FALSE
	EndGlobalSection
	GlobalSection(ProjectConfigurationPlatforms) = postSolution
		{8C24B6EA-D147-47AC-ABD6-B8AC32AF3731}.Debug|Any CPU.ActiveCfg = Debug|Any CPU
		{8C24B6EA-D147-47AC-ABD6-B8AC32AF3731}.Debug|Any CPU.Build.0 = Debug|Any CPU
		{8C24B6EA-D147-47AC-ABD6-B8AC32AF3731}.Debug|x64.ActiveCfg = Debug|Any CPU
		{8C24B6EA-D147-47AC-ABD6-B8AC32AF3731}.Debug|x64.Build.0 = Debug|Any CPU
		{8C24B6EA-D147-47AC-ABD6-B8AC32AF3731}.Debug|x86.ActiveCfg = Debug|Any CPU
		{8C24B6EA-D147-47AC-ABD6-B8AC32AF3731}.Debug|x86.Build.0 = Debug|Any CPU
		{8C24B6EA-D147-47AC-ABD6-B8AC32AF3731}.Release|Any CPU.ActiveCfg = Release|Any CPU
		{8C24B6EA-D147-47AC-ABD6-B8AC32AF3731}.Release|Any CPU.Build.0 = Release|Any CPU
		{8C24B6EA-D147-47AC-ABD6-B8AC32AF3731}.Release|x64.ActiveCfg = Release|Any CPU
		{8C24B6EA-D147-47AC-ABD6-B8AC32AF3731}.Release|x64.Build.0 = Release|Any CPU
		{8C24B6EA-D147-47AC-ABD6-B8AC32AF3731}.Release|x86.ActiveCfg = Release|Any CPU
		{8C24B6EA-D147-47AC-ABD6-B8AC32AF3731}.Release|x86.Build.0 = Release|Any CPU
		{74EF259E-00C4-4B27-86B3-C9EA375ED513}.Debug|Any CPU.ActiveCfg = Debug|Any CPU
		{74EF259E-00C4-4B27-86B3-C9EA375ED513}.Debug|Any CPU.Build.0 = Debug|Any CPU
		{74EF259E-00C4-4B27-86B3-C9EA375ED513}.Debug|x64.ActiveCfg = Debug|Any CPU
		{74EF259E-00C4-4B27-86B3-C9EA375ED513}.Debug|x64.Build.0 = Debug|Any CPU
		{74EF259E-00C4-4B27-86B3-C9EA375ED513}.Debug|x86.ActiveCfg = Debug|Any CPU
		{74EF259E-00C4-4B27-86B3-C9EA375ED513}.Debug|x86.Build.0 = Debug|Any CPU
		{74EF259E-00C4-4B27-86B3-C9EA375ED513}.Release|Any CPU.ActiveCfg = Release|Any CPU
		{74EF259E-00C4-4B27-86B3-C9EA375ED513}.Release|Any CPU.Build.0 = Release|Any CPU
		{74EF259E-00C4-4B27-86B3-C9EA375ED513}.Release|x64.ActiveCfg = Release|Any CPU
		{74EF259E-00C4-4B27-86B3-C9EA375ED513}.Release|x64.Build.0 = Release|Any CPU
		{74EF259E-00C4-4B27-86B3-C9EA375ED513}.Release|x86.ActiveCfg = Release|Any CPU
		{74EF259E-00C4-4B27-86B3-C9EA375ED513}.Release|x86.Build.0 = Release|Any CPU
		{75CC4A90-13D0-43DB-9644-B23C26D84459}.Debug|Any CPU.ActiveCfg = Debug|Any CPU
		{75CC4A90-13D0-43DB-9644-B23C26D84459}.Debug|Any CPU.Build.0 = Debug|Any CPU
		{75CC4A90-13D0-43DB-9644-B23C26D84459}.Debug|x64.ActiveCfg = Debug|Any CPU
		{75CC4A90-13D0-43DB-9644-B23C26D84459}.Debug|x64.Build.0 = Debug|Any CPU
		{75CC4A90-13D0-43DB-9644-B23C26D84459}.Debug|x86.ActiveCfg = Debug|Any CPU
		{75CC4A90-13D0-43DB-9644-B23C26D84459}.Debug|x86.Build.0 = Debug|Any CPU
		{75CC4A90-13D0-43DB-9644-B23C26D84459}.Release|Any CPU.ActiveCfg = Release|Any CPU
		{75CC4A90-13D0-43DB-9644-B23C26D84459}.Release|Any CPU.Build.0 = Release|Any CPU
		{75CC4A90-13D0-43DB-9644-B23C26D84459}.Release|x64.ActiveCfg = Release|Any CPU
		{75CC4A90-13D0-43DB-9644-B23C26D84459}.Release|x64.Build.0 = Release|Any CPU
		{75CC4A90-13D0-43DB-9644-B23C26D84459}.Release|x86.ActiveCfg = Release|Any CPU
		{75CC4A90-13D0-43DB-9644-B23C26D84459}.Release|x86.Build.0 = Release|Any CPU
	EndGlobalSection
	GlobalSection(NestedProjects) = preSolution
		{8C24B6EA-D147-47AC-ABD6-B8AC32AF3731} = {8B1C5EE4-8E25-46A0-BA35-9BC22E07C72A}
		{74EF259E-00C4-4B27-86B3-C9EA375ED513} = {8B1C5EE4-8E25-46A0-BA35-9BC22E07C72A}
		{75CC4A90-13D0-43DB-9644-B23C26D84459} = {8B1C5EE4-8E25-46A0-BA35-9BC22E07C72A}
	EndGlobalSection
EndGlobal
